<?xml version="1.0" encoding="utf-8"?>
<Project ToolsVersion="4.0" xmlns="http://schemas.microsoft.com/developer/msbuild/2003">
  <ItemGroup>
    <Filter Include="源文件">
      <UniqueIdentifier>{4FC737F1-C7A5-4376-A066-2A32D752A2FF}</UniqueIdentifier>
      <Extensions>cpp;c;cc;cxx;def;odl;idl;hpj;bat;asm;asmx</Extensions>
    </Filter>
    <Filter Include="头文件">
      <UniqueIdentifier>{93995380-89BD-4b04-88EB-625FBE52EBFB}</UniqueIdentifier>
      <Extensions>h;hpp;hxx;hm;inl;inc;xsd</Extensions>
    </Filter>
    <Filter Include="资源文件">
      <UniqueIdentifier>{67DA6AB6-F800-4c08-8B7A-83BB121AAD01}</UniqueIdentifier>
      <Extensions>rc;ico;cur;bmp;dlg;rc2;rct;bin;rgs;gif;jpg;jpeg;jpe;resx;tiff;tif;png;wav;mfcribbon-ms</Extensions>
    </Filter>
    <Filter Include="DataTable">
      <UniqueIdentifier>{af0394d2-4c06-4703-8e06-fe16903871ea}</UniqueIdentifier>
    </Filter>
    <Filter Include="File">
      <UniqueIdentifier>{82e1355a-b4b4-4822-990c-3e90a77a2ccd}</UniqueIdentifier>
    </Filter>
    <Filter Include="Data">
      <UniqueIdentifier>{ebf2d7ef-bb45-44e9-b9e2-81155d119fd0}</UniqueIdentifier>
    </Filter>
    <Filter Include="String">
      <UniqueIdentifier>{857ce6c1-befe-41d5-8a08-cb1dccaa2710}</UniqueIdentifier>
    </Filter>
    <Filter Include="Thread">
      <UniqueIdentifier>{cbc2f1f1-de86-40af-ae82-5d61aa3485b9}</UniqueIdentifier>
    </Filter>
    <Filter Include="Memory">
      <UniqueIdentifier>{1cb63055-d51a-4121-a071-a13995d11cd7}</UniqueIdentifier>
    </Filter>
    <Filter Include="DB">
      <UniqueIdentifier>{b8b349ae-419e-42b8-a4f5-1e71a3e1f6fb}</UniqueIdentifier>
    </Filter>
    <Filter Include="Assert">
      <UniqueIdentifier>{5dd1404b-2d1f-4b50-b4bd-2b66e65d0e93}</UniqueIdentifier>
    </Filter>
    <Filter Include="Log">
      <UniqueIdentifier>{cc8990ea-5285-472c-846a-72f9d7798fbd}</UniqueIdentifier>
    </Filter>
    <Filter Include="Zip">
      <UniqueIdentifier>{3e02093d-f93d-483f-9507-10851b98359f}</UniqueIdentifier>
    </Filter>
    <Filter Include="Net">
      <UniqueIdentifier>{d7e3f69c-7cf4-45a0-b6e4-c6fac6ab34b8}</UniqueIdentifier>
    </Filter>
    <Filter Include="Time">
      <UniqueIdentifier>{b9e30f83-2ed7-42df-992f-b91c7f2e6432}</UniqueIdentifier>
    </Filter>
    <Filter Include="Function">
      <UniqueIdentifier>{d093e15b-2daf-47da-834b-c962ead7b086}</UniqueIdentifier>
    </Filter>
  </ItemGroup>
  <ItemGroup>
    <ClInclude Include="..\BaseCommon\StringData.h">
      <Filter>Data</Filter>
    </ClInclude>
    <ClInclude Include="..\BaseCommon\Array.h">
      <Filter>Data</Filter>
    </ClInclude>
    <ClInclude Include="..\BaseCommon\Auto.h">
      <Filter>Data</Filter>
    </ClInclude>
    <ClInclude Include="..\BaseCommon\AutoKey.h">
      <Filter>Data</Filter>
    </ClInclude>
    <ClInclude Include="..\BaseCommon\Data.h">
      <Filter>Data</Filter>
    </ClInclude>
    <ClInclude Include="..\BaseCommon\Hand.h">
      <Filter>Data</Filter>
    </ClInclude>
    <ClInclude Include="..\BaseCommon\NiceData.h">
      <Filter>Data</Filter>
    </ClInclude>
    <ClInclude Include="..\BaseCommon\PoolList.h">
      <Filter>Data</Filter>
    </ClInclude>
    <ClInclude Include="..\BaseCommon\text_table.h">
      <Filter>DataTable</Filter>
    </ClInclude>
    <ClInclude Include="..\BaseCommon\BaseRecordSet.h">
      <Filter>DataTable</Filter>
    </ClInclude>
    <ClInclude Include="..\BaseCommon\CSVTable.h">
      <Filter>DataTable</Filter>
    </ClInclude>
    <ClInclude Include="..\BaseCommon\ExtFieldInfo.h">
      <Filter>DataTable</Filter>
    </ClInclude>
    <ClInclude Include="..\BaseCommon\FieldIndex.h">
      <Filter>DataTable</Filter>
    </ClInclude>
    <ClInclude Include="..\BaseCommon\FieldInfo.h">
      <Filter>DataTable</Filter>
    </ClInclude>
    <ClInclude Include="..\BaseCommon\FieldTypeDefine.h">
      <Filter>DataTable</Filter>
    </ClInclude>
    <ClInclude Include="..\BaseCommon\NiceDataFieldInfo.h">
      <Filter>DataTable</Filter>
    </ClInclude>
    <ClInclude Include="..\BaseCommon\NiceTable.h">
      <Filter>DataTable</Filter>
    </ClInclude>
    <ClInclude Include="..\BaseCommon\RecordSet.h">
      <Filter>DataTable</Filter>
    </ClInclude>
    <ClInclude Include="..\BaseCommon\TableLog.h">
      <Filter>DataTable</Filter>
    </ClInclude>
    <ClInclude Include="..\BaseCommon\TableManager.h">
      <Filter>DataTable</Filter>
    </ClInclude>
    <ClInclude Include="..\BaseCommon\TableRecord.h">
      <Filter>DataTable</Filter>
    </ClInclude>
    <ClInclude Include="..\BaseCommon\TableTool.h">
      <Filter>DataTable</Filter>
    </ClInclude>
    <ClInclude Include="..\BaseCommon\FileDataStream.h">
      <Filter>File</Filter>
    </ClInclude>
    <ClInclude Include="..\BaseCommon\DataBuffer.h">
      <Filter>Data</Filter>
    </ClInclude>
    <ClInclude Include="..\BaseCommon\DataStream.h">
      <Filter>Data</Filter>
    </ClInclude>
    <ClInclude Include="..\BaseCommon\MemString.h">
      <Filter>String</Filter>
    </ClInclude>
    <ClInclude Include="..\BaseCommon\StringPool.h">
      <Filter>String</Filter>
    </ClInclude>
    <ClInclude Include="..\BaseCommon\WorkThread.h">
      <Filter>Thread</Filter>
    </ClInclude>
    <ClInclude Include="..\BaseCommon\Lock.h">
      <Filter>Thread</Filter>
    </ClInclude>
    <ClInclude Include="..\BaseCommon\DBTool.h">
      <Filter>DB</Filter>
    </ClInclude>
    <ClInclude Include="..\BaseCommon\DBConfigTable.h">
      <Filter>DB</Filter>
    </ClInclude>
    <ClInclude Include="..\BaseCommon\DBDataHelper.h">
      <Filter>DB</Filter>
    </ClInclude>
    <ClInclude Include="..\BaseCommon\DBSqlManager.h">
      <Filter>DB</Filter>
    </ClInclude>
    <ClInclude Include="..\BaseCommon\DBTable.h">
      <Filter>DB</Filter>
    </ClInclude>
    <ClInclude Include="..\basecommon\BaseCommon.h">
      <Filter>头文件</Filter>
    </ClInclude>
    <ClInclude Include="..\BaseCommon\MemBase.h">
      <Filter>Memory</Filter>
    </ClInclude>
    <ClInclude Include="..\BaseCommon\EasyMemory.h">
      <Filter>Memory</Filter>
    </ClInclude>
    <ClInclude Include="..\BaseCommon\Assertx.h">
      <Filter>Assert</Filter>
    </ClInclude>
    <ClInclude Include="..\BaseCommon\AutoDebug.h">
      <Filter>Log</Filter>
    </ClInclude>
    <ClInclude Include="..\BaseCommon\LogEvent.h">
      <Filter>Log</Filter>
    </ClInclude>
    <ClInclude Include="..\BaseCommon\AutoString.h">
      <Filter>String</Filter>
    </ClInclude>
    <ClInclude Include="..\BaseCommon\EasyString.h">
      <Filter>String</Filter>
    </ClInclude>
    <ClInclude Include="..\BaseCommon\EasyMap.h">
      <Filter>Data</Filter>
    </ClInclude>
    <ClInclude Include="..\BaseCommon\EasyList.h">
      <Filter>Data</Filter>
    </ClInclude>
    <ClInclude Include="..\BaseCommon\ODBCInterface.h">
      <Filter>DB</Filter>
    </ClInclude>
    <ClInclude Include="..\BaseCommon\ODBCTableTool.h">
      <Filter>DB</Filter>
    </ClInclude>
    <ClInclude Include="..\BaseCommon\Zip\crc32.h">
      <Filter>Zip</Filter>
    </ClInclude>
    <ClInclude Include="..\BaseCommon\Zip\deflate.h">
      <Filter>Zip</Filter>
    </ClInclude>
    <ClInclude Include="..\BaseCommon\Zip\inffast.h">
      <Filter>Zip</Filter>
    </ClInclude>
    <ClInclude Include="..\BaseCommon\Zip\inffixed.h">
      <Filter>Zip</Filter>
    </ClInclude>
    <ClInclude Include="..\BaseCommon\Zip\inflate.h">
      <Filter>Zip</Filter>
    </ClInclude>
    <ClInclude Include="..\BaseCommon\Zip\inftrees.h">
      <Filter>Zip</Filter>
    </ClInclude>
    <ClInclude Include="..\BaseCommon\Zip\trees.h">
      <Filter>Zip</Filter>
    </ClInclude>
    <ClInclude Include="..\BaseCommon\Zip\zconf.h">
      <Filter>Zip</Filter>
    </ClInclude>
    <ClInclude Include="..\BaseCommon\Zip\zconf.in.h">
      <Filter>Zip</Filter>
    </ClInclude>
    <ClInclude Include="..\BaseCommon\Zip\zlib.h">
      <Filter>Zip</Filter>
    </ClInclude>
    <ClInclude Include="..\BaseCommon\Zip\zutil.h">
      <Filter>Zip</Filter>
    </ClInclude>
    <ClInclude Include="..\BaseCommon\RelationFieldInfo.h">
      <Filter>DataTable</Filter>
    </ClInclude>
    <ClInclude Include="..\BaseCommon\IndexTable.h">
      <Filter>DataTable</Filter>
    </ClInclude>
    <ClInclude Include="..\BaseCommon\NetHandle.h">
      <Filter>Net</Filter>
    </ClInclude>
    <ClInclude Include="..\BaseCommon\BackThreadMgr.h">
      <Filter>Thread</Filter>
    </ClInclude>
    <ClInclude Include="..\BaseCommon\BackTask.h">
      <Filter>Thread</Filter>
    </ClInclude>
    <ClInclude Include="..\BaseCommon\FileAPI.h">
      <Filter>File</Filter>
    </ClInclude>
    <ClInclude Include="..\BaseCommon\TimeManager.h">
      <Filter>Time</Filter>
    </ClInclude>
    <ClInclude Include="..\BaseCommon\IFunction.h">
      <Filter>Function</Filter>
    </ClInclude>
    <ClInclude Include="..\BaseCommon\Thread.h">
      <Filter>Thread</Filter>
    </ClInclude>
    <ClInclude Include="..\BaseCommon\Task.h">
      <Filter>Thread</Filter>
    </ClInclude>
    <ClInclude Include="..\BaseCommon\TaskFactory.h">
      <Filter>Thread</Filter>
    </ClInclude>
    <ClInclude Include="..\BaseCommon\TaskManager.h">
      <Filter>Thread</Filter>
    </ClInclude>
  </ItemGroup>
  <ItemGroup>
    <ClCompile Include="..\BaseCommon\Data.cpp">
      <Filter>Data</Filter>
    </ClCompile>
    <ClCompile Include="..\BaseCommon\NiceData.cpp">
      <Filter>Data</Filter>
    </ClCompile>
    <ClCompile Include="..\BaseCommon\text_table.cpp">
      <Filter>DataTable</Filter>
    </ClCompile>
    <ClCompile Include="..\BaseCommon\BaseRecordSet.cpp">
      <Filter>DataTable</Filter>
    </ClCompile>
    <ClCompile Include="..\BaseCommon\CSVTable.cpp">
      <Filter>DataTable</Filter>
    </ClCompile>
    <ClCompile Include="..\BaseCommon\ExtFieldInfo.cpp">
      <Filter>DataTable</Filter>
    </ClCompile>
    <ClCompile Include="..\BaseCommon\FieldIndex.cpp">
      <Filter>DataTable</Filter>
    </ClCompile>
    <ClCompile Include="..\BaseCommon\FieldInfo.cpp">
      <Filter>DataTable</Filter>
    </ClCompile>
    <ClCompile Include="..\BaseCommon\NiceDataFieldInfo.cpp">
      <Filter>DataTable</Filter>
    </ClCompile>
    <ClCompile Include="..\BaseCommon\NiceTable.cpp">
      <Filter>DataTable</Filter>
    </ClCompile>
    <ClCompile Include="..\BaseCommon\TableLog.cpp">
      <Filter>DataTable</Filter>
    </ClCompile>
    <ClCompile Include="..\BaseCommon\TableManager.cpp">
      <Filter>DataTable</Filter>
    </ClCompile>
    <ClCompile Include="..\BaseCommon\TableRecord.cpp">
      <Filter>DataTable</Filter>
    </ClCompile>
    <ClCompile Include="..\BaseCommon\TableTool.cpp">
      <Filter>DataTable</Filter>
    </ClCompile>
    <ClCompile Include="..\BaseCommon\DataBuffer.cpp">
      <Filter>Data</Filter>
    </ClCompile>
    <ClCompile Include="..\BaseCommon\DataStream.cpp">
      <Filter>Data</Filter>
    </ClCompile>
    <ClCompile Include="..\BaseCommon\MemString.cpp">
      <Filter>String</Filter>
    </ClCompile>
    <ClCompile Include="..\BaseCommon\WorkThread.cpp">
      <Filter>Thread</Filter>
    </ClCompile>
    <ClCompile Include="..\BaseCommon\Lock.cpp">
      <Filter>Thread</Filter>
    </ClCompile>
    <ClCompile Include="..\BaseCommon\DBConfigTable.cpp">
      <Filter>DB</Filter>
    </ClCompile>
    <ClCompile Include="..\BaseCommon\DBDataHelper.cpp">
      <Filter>DB</Filter>
    </ClCompile>
    <ClCompile Include="..\BaseCommon\DBTable.cpp">
      <Filter>DB</Filter>
    </ClCompile>
    <ClCompile Include="..\BaseCommon\MemBase.cpp">
      <Filter>Memory</Filter>
    </ClCompile>
    <ClCompile Include="..\BaseCommon\Assertx.cpp">
      <Filter>Assert</Filter>
    </ClCompile>
    <ClCompile Include="..\BaseCommon\AutoDebug.cpp">
      <Filter>Log</Filter>
    </ClCompile>
    <ClCompile Include="..\BaseCommon\LogEvent.cpp">
      <Filter>Log</Filter>
    </ClCompile>
    <ClCompile Include="..\BaseCommon\AutoString.cpp">
      <Filter>String</Filter>
    </ClCompile>
    <ClCompile Include="..\BaseCommon\ODBCInterface.cpp">
      <Filter>DB</Filter>
    </ClCompile>
    <ClCompile Include="..\BaseCommon\ODBCTableTool.cpp">
      <Filter>DB</Filter>
    </ClCompile>
    <ClCompile Include="..\BaseCommon\Zip\adler32.c">
      <Filter>Zip</Filter>
    </ClCompile>
    <ClCompile Include="..\BaseCommon\Zip\compress.c">
      <Filter>Zip</Filter>
    </ClCompile>
    <ClCompile Include="..\BaseCommon\Zip\crc32.c">
      <Filter>Zip</Filter>
    </ClCompile>
    <ClCompile Include="..\BaseCommon\Zip\deflate.c">
      <Filter>Zip</Filter>
    </ClCompile>
    <ClCompile Include="..\BaseCommon\Zip\example.c">
      <Filter>Zip</Filter>
    </ClCompile>
    <ClCompile Include="..\BaseCommon\Zip\gzio.c">
      <Filter>Zip</Filter>
    </ClCompile>
    <ClCompile Include="..\BaseCommon\Zip\infback.c">
      <Filter>Zip</Filter>
    </ClCompile>
    <ClCompile Include="..\BaseCommon\Zip\inffast.c">
      <Filter>Zip</Filter>
    </ClCompile>
    <ClCompile Include="..\BaseCommon\Zip\inflate.c">
      <Filter>Zip</Filter>
    </ClCompile>
    <ClCompile Include="..\BaseCommon\Zip\inftrees.c">
      <Filter>Zip</Filter>
    </ClCompile>
    <ClCompile Include="..\BaseCommon\Zip\trees.c">
      <Filter>Zip</Filter>
    </ClCompile>
    <ClCompile Include="..\BaseCommon\Zip\uncompr.c">
      <Filter>Zip</Filter>
    </ClCompile>
    <ClCompile Include="..\BaseCommon\Zip\zutil.c">
      <Filter>Zip</Filter>
    </ClCompile>
    <ClCompile Include="..\BaseCommon\RelationFieldInfo.cpp">
      <Filter>DataTable</Filter>
    </ClCompile>
    <ClCompile Include="..\BaseCommon\IndexTable.cpp">
      <Filter>DataTable</Filter>
    </ClCompile>
    <ClCompile Include="..\BaseCommon\NetHandle.cpp">
      <Filter>Net</Filter>
    </ClCompile>
    <ClCompile Include="..\BaseCommon\BackThreadMgr.cpp">
      <Filter>Thread</Filter>
    </ClCompile>
    <ClCompile Include="..\BaseCommon\FileAPI.cpp">
      <Filter>File</Filter>
    </ClCompile>
    <ClCompile Include="..\BaseCommon\FileDataStream.cpp">
      <Filter>File</Filter>
    </ClCompile>
    <ClCompile Include="..\BaseCommon\TimeManager.cpp">
      <Filter>Time</Filter>
    </ClCompile>
    <ClCompile Include="..\BaseCommon\Thread.cpp">
      <Filter>Thread</Filter>
    </ClCompile>
    <ClCompile Include="..\BaseCommon\TaskManager.cpp">
      <Filter>Thread</Filter>
    </ClCompile>
  </ItemGroup>
  <ItemGroup>
    <None Include="..\BaseCommon\DataStream.inl">
      <Filter>Data</Filter>
    </None>
  </ItemGroup>
</Project>