<?xml version="1.0" encoding="utf-8"?>
<Project ToolsVersion="4.0" xmlns="http://schemas.microsoft.com/developer/msbuild/2003">
  <ItemGroup>
    <Filter Include="源文件">
      <UniqueIdentifier>{4FC737F1-C7A5-4376-A066-2A32D752A2FF}</UniqueIdentifier>
      <Extensions>cpp;c;cc;cxx;def;odl;idl;hpj;bat;asm;asmx</Extensions>
    </Filter>
    <Filter Include="资源文件">
      <UniqueIdentifier>{67DA6AB6-F800-4c08-8B7A-83BB121AAD01}</UniqueIdentifier>
      <Extensions>rc;ico;cur;bmp;dlg;rc2;rct;bin;rgs;gif;jpg;jpeg;jpe;resx;tiff;tif;png;wav</Extensions>
    </Filter>
    <Filter Include="EventCore">
      <UniqueIdentifier>{46665fee-89e1-4e4f-8f48-a27f3112c0bb}</UniqueIdentifier>
    </Filter>
    <Filter Include="头文件">
      <UniqueIdentifier>{93995380-89BD-4b04-88EB-625FBE52EBFB}</UniqueIdentifier>
      <Extensions>h;hpp;hxx;hm;inl;inc;xsd</Extensions>
    </Filter>
    <Filter Include="Net">
      <UniqueIdentifier>{2e86e45d-5471-47c9-a49b-92ba0dfd5697}</UniqueIdentifier>
    </Filter>
    <Filter Include="LogicEvent">
      <UniqueIdentifier>{1bb752aa-002f-4180-8bae-e8fc3a94fd66}</UniqueIdentifier>
    </Filter>
  </ItemGroup>
  <ItemGroup>
    <ClCompile Include="..\EventCore\Core\CEvent.cpp">
      <Filter>EventCore</Filter>
    </ClCompile>
    <ClCompile Include="..\EventCore\Core\Event.cpp">
      <Filter>EventCore</Filter>
    </ClCompile>
    <ClCompile Include="..\EventCore\Core\EventCenter.cpp">
      <Filter>EventCore</Filter>
    </ClCompile>
    <ClCompile Include="..\EventCore\Core\EventDllPlugin.cpp">
      <Filter>EventCore</Filter>
    </ClCompile>
    <ClCompile Include="..\EventCore\Core\EventFactory.cpp">
      <Filter>EventCore</Filter>
    </ClCompile>
    <ClCompile Include="..\EventCore\Core\FixedTimeManager.cpp">
      <Filter>EventCore</Filter>
    </ClCompile>
    <ClCompile Include="..\EventCore\Core\EventCore.cpp">
      <Filter>源文件</Filter>
    </ClCompile>
    <ClCompile Include="..\EventCore\Core\ClientEvent.cpp">
      <Filter>LogicEvent</Filter>
    </ClCompile>
    <ClCompile Include="..\EventCore\Core\LogicEvent.cpp">
      <Filter>LogicEvent</Filter>
    </ClCompile>
    <ClCompile Include="..\EventCore\Core\LogicNode.cpp">
      <Filter>LogicEvent</Filter>
    </ClCompile>
    <ClCompile Include="..\EventCore\Core\ServerEvent.cpp">
      <Filter>LogicEvent</Filter>
    </ClCompile>
    <ClCompile Include="..\EventCore\Core\ResponseEvent.cpp">
      <Filter>LogicEvent</Filter>
    </ClCompile>
  </ItemGroup>
  <ItemGroup>
    <ClInclude Include="..\EventCore\Core\CEvent.h">
      <Filter>EventCore</Filter>
    </ClInclude>
    <ClInclude Include="..\EventCore\Core\Event.h">
      <Filter>EventCore</Filter>
    </ClInclude>
    <ClInclude Include="..\EventCore\Core\EventCenter.h">
      <Filter>EventCore</Filter>
    </ClInclude>
    <ClInclude Include="..\EventCore\Core\EventDllFace.h">
      <Filter>EventCore</Filter>
    </ClInclude>
    <ClInclude Include="..\EventCore\Core\EventDllPlugin.h">
      <Filter>EventCore</Filter>
    </ClInclude>
    <ClInclude Include="..\EventCore\Core\EventFactory.h">
      <Filter>EventCore</Filter>
    </ClInclude>
    <ClInclude Include="..\EventCore\Core\FixedTimeManager.h">
      <Filter>EventCore</Filter>
    </ClInclude>
    <ClInclude Include="..\EventCore\Core\ScriptFace.h">
      <Filter>头文件</Filter>
    </ClInclude>
    <ClInclude Include="..\EventCore\Core\Eventcore.h">
      <Filter>头文件</Filter>
    </ClInclude>
    <ClInclude Include="..\EventCore\Core\ClientEvent.h">
      <Filter>LogicEvent</Filter>
    </ClInclude>
    <ClInclude Include="..\EventCore\Core\LogicEvent.h">
      <Filter>LogicEvent</Filter>
    </ClInclude>
    <ClInclude Include="..\EventCore\Core\LogicNode.h">
      <Filter>LogicEvent</Filter>
    </ClInclude>
    <ClInclude Include="..\EventCore\Core\ServerEvent.h">
      <Filter>LogicEvent</Filter>
    </ClInclude>
    <ClInclude Include="..\EventCore\Core\ResponseEvent.h">
      <Filter>LogicEvent</Filter>
    </ClInclude>
  </ItemGroup>
  <ItemGroup>
    <None Include="ReadMe.txt" />
    <None Include="..\EventCore\事件驱动说明.txt" />
  </ItemGroup>
</Project>